
Microsoft Visual Studio Solution File, Format Version 12.00
# Visual Studio Version 16
VisualStudioVersion = 25.0.1706.14
MinimumVisualStudioVersion = 10.0.40219.1
Project("{FAE04EC0-301F-11D3-BF4B-00C04F79EFBC}") = "L11_MAMP_1155326", "L11_MAMP_1155326\L11_MAMP_1155326.csproj", "{6C83CEDB-6048-490C-A555-94799167E107}"
EndProject
Global
	GlobalSection(SolutionConfigurationPlatforms) = preSolution
		Debug|Any CPU = Debug|Any CPU
		Release|Any CPU = Release|Any CPU
	EndGlobalSection
	GlobalSection(ProjectConfigurationPlatforms) = postSolution
		{6C83CEDB-6048-490C-A555-94799167E107}.Debug|Any CPU.ActiveCfg = Debug|Any CPU
		{6C83CEDB-6048-490C-A555-94799167E107}.Debug|Any CPU.Build.0 = Debug|Any CPU
		{6C83CEDB-6048-490C-A555-94799167E107}.Release|Any CPU.ActiveCfg = Release|Any CPU
		{6C83CEDB-6048-490C-A555-94799167E107}.Release|Any CPU.Build.0 = Release|Any CPU
	EndGlobalSection
	GlobalSection(SolutionProperties) = preSolution
		HideSolutionNode = FALSE
	EndGlobalSection
	GlobalSection(ExtensibilityGlobals) = postSolution
		SolutionGuid = {6251EFCE-CDB2-4557-9885-BB3F67C1AD98}
	EndGlobalSection
EndGlobal
