
Microsoft Visual Studio Solution File, Format Version 12.00
# Visual Studio Version 16
VisualStudioVersion = 25.0.1706.14
MinimumVisualStudioVersion = 10.0.40219.1
Project("{FAE04EC0-301F-11D3-BF4B-00C04F79EFBC}") = "L15_MAMP_1155326", "L15_MAMP_1155326\L15_MAMP_1155326.csproj", "{A1407954-F65F-4559-8C82-B3E507A2CAF2}"
EndProject
Global
	GlobalSection(SolutionConfigurationPlatforms) = preSolution
		Debug|Any CPU = Debug|Any CPU
		Release|Any CPU = Release|Any CPU
	EndGlobalSection
	GlobalSection(ProjectConfigurationPlatforms) = postSolution
		{A1407954-F65F-4559-8C82-B3E507A2CAF2}.Debug|Any CPU.ActiveCfg = Debug|Any CPU
		{A1407954-F65F-4559-8C82-B3E507A2CAF2}.Debug|Any CPU.Build.0 = Debug|Any CPU
		{A1407954-F65F-4559-8C82-B3E507A2CAF2}.Release|Any CPU.ActiveCfg = Release|Any CPU
		{A1407954-F65F-4559-8C82-B3E507A2CAF2}.Release|Any CPU.Build.0 = Release|Any CPU
	EndGlobalSection
	GlobalSection(SolutionProperties) = preSolution
		HideSolutionNode = FALSE
	EndGlobalSection
	GlobalSection(ExtensibilityGlobals) = postSolution
		SolutionGuid = {9EA3C5B7-588B-46C5-B935-CE06421DB695}
	EndGlobalSection
EndGlobal
