
Microsoft Visual Studio Solution File, Format Version 12.00
# Visual Studio Version 16
VisualStudioVersion = 25.0.1706.14
MinimumVisualStudioVersion = 10.0.40219.1
Project("{FAE04EC0-301F-11D3-BF4B-00C04F79EFBC}") = "L6_MAMP_11555326", "L6_MAMP_11555326\L6_MAMP_11555326.csproj", "{D178960A-35B2-408E-9843-2DC3710201AF}"
EndProject
Global
	GlobalSection(SolutionConfigurationPlatforms) = preSolution
		Debug|Any CPU = Debug|Any CPU
		Release|Any CPU = Release|Any CPU
	EndGlobalSection
	GlobalSection(ProjectConfigurationPlatforms) = postSolution
		{D178960A-35B2-408E-9843-2DC3710201AF}.Debug|Any CPU.ActiveCfg = Debug|Any CPU
		{D178960A-35B2-408E-9843-2DC3710201AF}.Debug|Any CPU.Build.0 = Debug|Any CPU
		{D178960A-35B2-408E-9843-2DC3710201AF}.Release|Any CPU.ActiveCfg = Release|Any CPU
		{D178960A-35B2-408E-9843-2DC3710201AF}.Release|Any CPU.Build.0 = Release|Any CPU
	EndGlobalSection
	GlobalSection(SolutionProperties) = preSolution
		HideSolutionNode = FALSE
	EndGlobalSection
	GlobalSection(ExtensibilityGlobals) = postSolution
		SolutionGuid = {4819AE27-5579-4373-9005-1BD9C20B729F}
	EndGlobalSection
EndGlobal
