
Microsoft Visual Studio Solution File, Format Version 12.00
# Visual Studio Version 16
VisualStudioVersion = 25.0.1706.14
MinimumVisualStudioVersion = 10.0.40219.1
Project("{FAE04EC0-301F-11D3-BF4B-00C04F79EFBC}") = "L4_MAMP_1155326", "L4_MAMP_1155326\L4_MAMP_1155326.csproj", "{0E01C21D-EFB9-48A2-A904-E9FC65C981CD}"
EndProject
Global
	GlobalSection(SolutionConfigurationPlatforms) = preSolution
		Debug|Any CPU = Debug|Any CPU
		Release|Any CPU = Release|Any CPU
	EndGlobalSection
	GlobalSection(ProjectConfigurationPlatforms) = postSolution
		{0E01C21D-EFB9-48A2-A904-E9FC65C981CD}.Debug|Any CPU.ActiveCfg = Debug|Any CPU
		{0E01C21D-EFB9-48A2-A904-E9FC65C981CD}.Debug|Any CPU.Build.0 = Debug|Any CPU
		{0E01C21D-EFB9-48A2-A904-E9FC65C981CD}.Release|Any CPU.ActiveCfg = Release|Any CPU
		{0E01C21D-EFB9-48A2-A904-E9FC65C981CD}.Release|Any CPU.Build.0 = Release|Any CPU
	EndGlobalSection
	GlobalSection(SolutionProperties) = preSolution
		HideSolutionNode = FALSE
	EndGlobalSection
	GlobalSection(ExtensibilityGlobals) = postSolution
		SolutionGuid = {A12041F0-D08C-41D3-9371-67CAAC51E3C4}
	EndGlobalSection
EndGlobal
