
Microsoft Visual Studio Solution File, Format Version 12.00
# Visual Studio Version 16
VisualStudioVersion = 25.0.1706.14
MinimumVisualStudioVersion = 10.0.40219.1
Project("{FAE04EC0-301F-11D3-BF4B-00C04F79EFBC}") = "L14_MAMP_1155326", "L14_MAMP_1155326\L14_MAMP_1155326.csproj", "{E8C7E54D-89F4-4994-8524-792E9E1CA302}"
EndProject
Global
	GlobalSection(SolutionConfigurationPlatforms) = preSolution
		Debug|Any CPU = Debug|Any CPU
		Release|Any CPU = Release|Any CPU
	EndGlobalSection
	GlobalSection(ProjectConfigurationPlatforms) = postSolution
		{E8C7E54D-89F4-4994-8524-792E9E1CA302}.Debug|Any CPU.ActiveCfg = Debug|Any CPU
		{E8C7E54D-89F4-4994-8524-792E9E1CA302}.Debug|Any CPU.Build.0 = Debug|Any CPU
		{E8C7E54D-89F4-4994-8524-792E9E1CA302}.Release|Any CPU.ActiveCfg = Release|Any CPU
		{E8C7E54D-89F4-4994-8524-792E9E1CA302}.Release|Any CPU.Build.0 = Release|Any CPU
	EndGlobalSection
	GlobalSection(SolutionProperties) = preSolution
		HideSolutionNode = FALSE
	EndGlobalSection
	GlobalSection(ExtensibilityGlobals) = postSolution
		SolutionGuid = {7A149337-AF4B-454E-B092-04FCD533924A}
	EndGlobalSection
EndGlobal
